
Microsoft Visual Studio Solution File, Format Version 12.00
# Visual Studio Version 17
VisualStudioVersion = 17.0.31612.314
MinimumVisualStudioVersion = 10.0.40219.1
Project("{FAE04EC0-301F-11D3-BF4B-00C04F79EFBC}") = "PatternSaga", "PatternSaga\PatternSaga.csproj", "{309D2454-CD6F-49DC-8FBA-C8B76C5485E2}"
EndProject
Global
	GlobalSection(SolutionConfigurationPlatforms) = preSolution
		Debug|Any CPU = Debug|Any CPU
		Release|Any CPU = Release|Any CPU
	EndGlobalSection
	GlobalSection(ProjectConfigurationPlatforms) = postSolution
		{309D2454-CD6F-49DC-8FBA-C8B76C5485E2}.Debug|Any CPU.ActiveCfg = Debug|Any CPU
		{309D2454-CD6F-49DC-8FBA-C8B76C5485E2}.Debug|Any CPU.Build.0 = Debug|Any CPU
		{309D2454-CD6F-49DC-8FBA-C8B76C5485E2}.Release|Any CPU.ActiveCfg = Release|Any CPU
		{309D2454-CD6F-49DC-8FBA-C8B76C5485E2}.Release|Any CPU.Build.0 = Release|Any CPU
	EndGlobalSection
	GlobalSection(SolutionProperties) = preSolution
		HideSolutionNode = FALSE
	EndGlobalSection
	GlobalSection(ExtensibilityGlobals) = postSolution
		SolutionGuid = {EA32576A-64DD-46AD-AB02-25E5F390BAF0}
	EndGlobalSection
EndGlobal
